
Microsoft Visual Studio Solution File, Format Version 12.00
# Visual Studio Version 16
VisualStudioVersion = 16.0.32901.82
MinimumVisualStudioVersion = 10.0.40219.1
Project("{FAE04EC0-301F-11D3-BF4B-00C04F79EFBC}") = "dynamictable", "dynamictable\dynamictable.csproj", "{8D6C2049-0C10-4C87-8DF5-82EE79DDA434}"
EndProject
Global
	GlobalSection(SolutionConfigurationPlatforms) = preSolution
		Debug|Any CPU = Debug|Any CPU
		Release|Any CPU = Release|Any CPU
	EndGlobalSection
	GlobalSection(ProjectConfigurationPlatforms) = postSolution
		{8D6C2049-0C10-4C87-8DF5-82EE79DDA434}.Debug|Any CPU.ActiveCfg = Debug|Any CPU
		{8D6C2049-0C10-4C87-8DF5-82EE79DDA434}.Debug|Any CPU.Build.0 = Debug|Any CPU
		{8D6C2049-0C10-4C87-8DF5-82EE79DDA434}.Release|Any CPU.ActiveCfg = Release|Any CPU
		{8D6C2049-0C10-4C87-8DF5-82EE79DDA434}.Release|Any CPU.Build.0 = Release|Any CPU
	EndGlobalSection
	GlobalSection(SolutionProperties) = preSolution
		HideSolutionNode = FALSE
	EndGlobalSection
	GlobalSection(ExtensibilityGlobals) = postSolution
		SolutionGuid = {DAD87A86-34A9-4B39-AD32-95E8AB3A042D}
	EndGlobalSection
EndGlobal
